
Microsoft Visual Studio Solution File, Format Version 12.00
# Visual Studio Version 17
VisualStudioVersion = 17.0.31903.59
MinimumVisualStudioVersion = 10.0.40219.1
Project("{9A19103F-16F7-4668-BE54-9A1E7A4F7556}") = "Inaba.Domain", "Inaba.Domain\Inaba.Domain.csproj", "{42D27FD9-B9D8-4B05-B4F0-80993992DDC4}"
EndProject
Project("{9A19103F-16F7-4668-BE54-9A1E7A4F7556}") = "Inaba.Application", "Inaba.Application\Inaba.Application.csproj", "{308D3ECF-AC3E-4263-ADE6-B47791BEE08E}"
EndProject
Project("{9A19103F-16F7-4668-BE54-9A1E7A4F7556}") = "Inaba.Infrastructure", "Inaba.Infrastructure\Inaba.Infrastructure.csproj", "{951EFE7D-47B5-420C-A695-F085F5472529}"
EndProject
Project("{2150E333-8FDC-42A3-9474-1A3956D46DE8}") = "Presentation", "Presentation", "{85002EF7-CCBB-4E77-B724-A56A5C70CD4A}"
EndProject
Project("{FAE04EC0-301F-11D3-BF4B-00C04F79EFBC}") = "Inaba.Presentation.Server", "Presentation\Inaba.Presentation.Server\Inaba.Presentation.Server.csproj", "{75E7D21F-D1BC-44DA-A289-AF1CF48D0845}"
EndProject
Project("{FAE04EC0-301F-11D3-BF4B-00C04F79EFBC}") = "Inaba.Presentation.Client", "Presentation\Inaba.Presentation.Client\Inaba.Presentation.Client.csproj", "{AB6BAB33-9732-4954-BD5D-7BD9C13977CD}"
EndProject
Global
	GlobalSection(SolutionConfigurationPlatforms) = preSolution
		Debug|Any CPU = Debug|Any CPU
		Release|Any CPU = Release|Any CPU
	EndGlobalSection
	GlobalSection(ProjectConfigurationPlatforms) = postSolution
		{42D27FD9-B9D8-4B05-B4F0-80993992DDC4}.Debug|Any CPU.ActiveCfg = Debug|Any CPU
		{42D27FD9-B9D8-4B05-B4F0-80993992DDC4}.Debug|Any CPU.Build.0 = Debug|Any CPU
		{42D27FD9-B9D8-4B05-B4F0-80993992DDC4}.Release|Any CPU.ActiveCfg = Release|Any CPU
		{42D27FD9-B9D8-4B05-B4F0-80993992DDC4}.Release|Any CPU.Build.0 = Release|Any CPU
		{308D3ECF-AC3E-4263-ADE6-B47791BEE08E}.Debug|Any CPU.ActiveCfg = Debug|Any CPU
		{308D3ECF-AC3E-4263-ADE6-B47791BEE08E}.Debug|Any CPU.Build.0 = Debug|Any CPU
		{308D3ECF-AC3E-4263-ADE6-B47791BEE08E}.Release|Any CPU.ActiveCfg = Release|Any CPU
		{308D3ECF-AC3E-4263-ADE6-B47791BEE08E}.Release|Any CPU.Build.0 = Release|Any CPU
		{951EFE7D-47B5-420C-A695-F085F5472529}.Debug|Any CPU.ActiveCfg = Debug|Any CPU
		{951EFE7D-47B5-420C-A695-F085F5472529}.Debug|Any CPU.Build.0 = Debug|Any CPU
		{951EFE7D-47B5-420C-A695-F085F5472529}.Release|Any CPU.ActiveCfg = Release|Any CPU
		{951EFE7D-47B5-420C-A695-F085F5472529}.Release|Any CPU.Build.0 = Release|Any CPU
		{75E7D21F-D1BC-44DA-A289-AF1CF48D0845}.Debug|Any CPU.ActiveCfg = Debug|Any CPU
		{75E7D21F-D1BC-44DA-A289-AF1CF48D0845}.Debug|Any CPU.Build.0 = Debug|Any CPU
		{75E7D21F-D1BC-44DA-A289-AF1CF48D0845}.Release|Any CPU.ActiveCfg = Release|Any CPU
		{75E7D21F-D1BC-44DA-A289-AF1CF48D0845}.Release|Any CPU.Build.0 = Release|Any CPU
		{AB6BAB33-9732-4954-BD5D-7BD9C13977CD}.Debug|Any CPU.ActiveCfg = Debug|Any CPU
		{AB6BAB33-9732-4954-BD5D-7BD9C13977CD}.Debug|Any CPU.Build.0 = Debug|Any CPU
		{AB6BAB33-9732-4954-BD5D-7BD9C13977CD}.Release|Any CPU.ActiveCfg = Release|Any CPU
		{AB6BAB33-9732-4954-BD5D-7BD9C13977CD}.Release|Any CPU.Build.0 = Release|Any CPU
	EndGlobalSection
	GlobalSection(SolutionProperties) = preSolution
		HideSolutionNode = FALSE
	EndGlobalSection
	GlobalSection(NestedProjects) = preSolution
		{75E7D21F-D1BC-44DA-A289-AF1CF48D0845} = {85002EF7-CCBB-4E77-B724-A56A5C70CD4A}
		{AB6BAB33-9732-4954-BD5D-7BD9C13977CD} = {85002EF7-CCBB-4E77-B724-A56A5C70CD4A}
	EndGlobalSection
	GlobalSection(ExtensibilityGlobals) = postSolution
		SolutionGuid = {21D34F6D-B7DE-4492-9288-7E7789E2DBF4}
	EndGlobalSection
EndGlobal
