
Microsoft Visual Studio Solution File, Format Version 12.00
# Visual Studio Version 17
VisualStudioVersion = 17.0.31903.59
MinimumVisualStudioVersion = 10.0.40219.1
Project("{9A19103F-16F7-4668-BE54-9A1E7A4F7556}") = "Inaba.Domain", "Inaba.Domain\Inaba.Domain.csproj", "{42D27FD9-B9D8-4B05-B4F0-80993992DDC4}"
EndProject
Project("{9A19103F-16F7-4668-BE54-9A1E7A4F7556}") = "Inaba.Application", "Inaba.Application\Inaba.Application.csproj", "{308D3ECF-AC3E-4263-ADE6-B47791BEE08E}"
EndProject
Project("{9A19103F-16F7-4668-BE54-9A1E7A4F7556}") = "Inaba.Infrastructure", "Inaba.Infrastructure\Inaba.Infrastructure.csproj", "{951EFE7D-47B5-420C-A695-F085F5472529}"
EndProject
Project("{2150E333-8FDC-42A3-9474-1A3956D46DE8}") = "Presentation", "Presentation", "{85002EF7-CCBB-4E77-B724-A56A5C70CD4A}"
EndProject
Project("{FAE04EC0-301F-11D3-BF4B-00C04F79EFBC}") = "Inaba.Presentation.Server", "Inaba.Presentation\Server\Inaba.Presentation.Server.csproj", "{80E32F83-4BE7-492B-A7F9-5981CE39C579}"
EndProject
Project("{FAE04EC0-301F-11D3-BF4B-00C04F79EFBC}") = "Inaba.Presentation.Client", "Inaba.Presentation\Client\Inaba.Presentation.Client.csproj", "{46C6E9C1-ADAE-4CD5-B651-90CB786C0E1B}"
EndProject
Project("{FAE04EC0-301F-11D3-BF4B-00C04F79EFBC}") = "Inaba.Presentation.Shared", "Inaba.Presentation\Shared\Inaba.Presentation.Shared.csproj", "{5B4A6E58-310E-49E8-BC02-2E6D2C371EDA}"
EndProject
Global
	GlobalSection(SolutionConfigurationPlatforms) = preSolution
		Debug|Any CPU = Debug|Any CPU
		Release|Any CPU = Release|Any CPU
	EndGlobalSection
	GlobalSection(ProjectConfigurationPlatforms) = postSolution
		{42D27FD9-B9D8-4B05-B4F0-80993992DDC4}.Debug|Any CPU.ActiveCfg = Debug|Any CPU
		{42D27FD9-B9D8-4B05-B4F0-80993992DDC4}.Debug|Any CPU.Build.0 = Debug|Any CPU
		{42D27FD9-B9D8-4B05-B4F0-80993992DDC4}.Release|Any CPU.ActiveCfg = Release|Any CPU
		{42D27FD9-B9D8-4B05-B4F0-80993992DDC4}.Release|Any CPU.Build.0 = Release|Any CPU
		{308D3ECF-AC3E-4263-ADE6-B47791BEE08E}.Debug|Any CPU.ActiveCfg = Debug|Any CPU
		{308D3ECF-AC3E-4263-ADE6-B47791BEE08E}.Debug|Any CPU.Build.0 = Debug|Any CPU
		{308D3ECF-AC3E-4263-ADE6-B47791BEE08E}.Release|Any CPU.ActiveCfg = Release|Any CPU
		{308D3ECF-AC3E-4263-ADE6-B47791BEE08E}.Release|Any CPU.Build.0 = Release|Any CPU
		{951EFE7D-47B5-420C-A695-F085F5472529}.Debug|Any CPU.ActiveCfg = Debug|Any CPU
		{951EFE7D-47B5-420C-A695-F085F5472529}.Debug|Any CPU.Build.0 = Debug|Any CPU
		{951EFE7D-47B5-420C-A695-F085F5472529}.Release|Any CPU.ActiveCfg = Release|Any CPU
		{951EFE7D-47B5-420C-A695-F085F5472529}.Release|Any CPU.Build.0 = Release|Any CPU
		{80E32F83-4BE7-492B-A7F9-5981CE39C579}.Debug|Any CPU.ActiveCfg = Debug|Any CPU
		{80E32F83-4BE7-492B-A7F9-5981CE39C579}.Debug|Any CPU.Build.0 = Debug|Any CPU
		{80E32F83-4BE7-492B-A7F9-5981CE39C579}.Release|Any CPU.ActiveCfg = Release|Any CPU
		{80E32F83-4BE7-492B-A7F9-5981CE39C579}.Release|Any CPU.Build.0 = Release|Any CPU
		{46C6E9C1-ADAE-4CD5-B651-90CB786C0E1B}.Debug|Any CPU.ActiveCfg = Debug|Any CPU
		{46C6E9C1-ADAE-4CD5-B651-90CB786C0E1B}.Debug|Any CPU.Build.0 = Debug|Any CPU
		{46C6E9C1-ADAE-4CD5-B651-90CB786C0E1B}.Release|Any CPU.ActiveCfg = Release|Any CPU
		{46C6E9C1-ADAE-4CD5-B651-90CB786C0E1B}.Release|Any CPU.Build.0 = Release|Any CPU
		{5B4A6E58-310E-49E8-BC02-2E6D2C371EDA}.Debug|Any CPU.ActiveCfg = Debug|Any CPU
		{5B4A6E58-310E-49E8-BC02-2E6D2C371EDA}.Debug|Any CPU.Build.0 = Debug|Any CPU
		{5B4A6E58-310E-49E8-BC02-2E6D2C371EDA}.Release|Any CPU.ActiveCfg = Release|Any CPU
		{5B4A6E58-310E-49E8-BC02-2E6D2C371EDA}.Release|Any CPU.Build.0 = Release|Any CPU
	EndGlobalSection
	GlobalSection(SolutionProperties) = preSolution
		HideSolutionNode = FALSE
	EndGlobalSection
	GlobalSection(NestedProjects) = preSolution
		{80E32F83-4BE7-492B-A7F9-5981CE39C579} = {85002EF7-CCBB-4E77-B724-A56A5C70CD4A}
		{46C6E9C1-ADAE-4CD5-B651-90CB786C0E1B} = {85002EF7-CCBB-4E77-B724-A56A5C70CD4A}
		{5B4A6E58-310E-49E8-BC02-2E6D2C371EDA} = {85002EF7-CCBB-4E77-B724-A56A5C70CD4A}
	EndGlobalSection
	GlobalSection(ExtensibilityGlobals) = postSolution
		SolutionGuid = {21D34F6D-B7DE-4492-9288-7E7789E2DBF4}
	EndGlobalSection
EndGlobal
