
Microsoft Visual Studio Solution File, Format Version 12.00
# Visual Studio Version 17
VisualStudioVersion = 17.0.31903.59
MinimumVisualStudioVersion = 10.0.40219.1
Project("{FAE04EC0-301F-11D3-BF4B-00C04F79EFBC}") = "Inaba.Domain", "Inaba.Domain\Inaba.Domain.csproj", "{42D27FD9-B9D8-4B05-B4F0-80993992DDC4}"
EndProject
Project("{FAE04EC0-301F-11D3-BF4B-00C04F79EFBC}") = "Inaba.Application", "Inaba.Application\Inaba.Application.csproj", "{308D3ECF-AC3E-4263-ADE6-B47791BEE08E}"
EndProject
Global
	GlobalSection(SolutionConfigurationPlatforms) = preSolution
		Debug|Any CPU = Debug|Any CPU
		Release|Any CPU = Release|Any CPU
	EndGlobalSection
	GlobalSection(ProjectConfigurationPlatforms) = postSolution
		{42D27FD9-B9D8-4B05-B4F0-80993992DDC4}.Debug|Any CPU.ActiveCfg = Debug|Any CPU
		{42D27FD9-B9D8-4B05-B4F0-80993992DDC4}.Debug|Any CPU.Build.0 = Debug|Any CPU
		{42D27FD9-B9D8-4B05-B4F0-80993992DDC4}.Release|Any CPU.ActiveCfg = Release|Any CPU
		{42D27FD9-B9D8-4B05-B4F0-80993992DDC4}.Release|Any CPU.Build.0 = Release|Any CPU
		{308D3ECF-AC3E-4263-ADE6-B47791BEE08E}.Debug|Any CPU.ActiveCfg = Debug|Any CPU
		{308D3ECF-AC3E-4263-ADE6-B47791BEE08E}.Debug|Any CPU.Build.0 = Debug|Any CPU
		{308D3ECF-AC3E-4263-ADE6-B47791BEE08E}.Release|Any CPU.ActiveCfg = Release|Any CPU
		{308D3ECF-AC3E-4263-ADE6-B47791BEE08E}.Release|Any CPU.Build.0 = Release|Any CPU
	EndGlobalSection
	GlobalSection(SolutionProperties) = preSolution
		HideSolutionNode = FALSE
	EndGlobalSection
	GlobalSection(ExtensibilityGlobals) = postSolution
		SolutionGuid = {21D34F6D-B7DE-4492-9288-7E7789E2DBF4}
	EndGlobalSection
EndGlobal
